// !$*UTF8*$!
{
	archiveVersion = 1;
	classes = {
	};
	objectVersion = 50;
	objects = {

/* Begin PBXBuildFile section */
		C962BF5424BCA6E6001E2D41 /* AppDelegate.swift in Sources */ = {isa = PBXBuildFile; fileRef = C962BF5324BCA6E6001E2D41 /* AppDelegate.swift */; };
		C962BF5624BCA6E6001E2D41 /* SceneDelegate.swift in Sources */ = {isa = PBXBuildFile; fileRef = C962BF5524BCA6E6001E2D41 /* SceneDelegate.swift */; };
		C962BF5824BCA6E6001E2D41 /* ViewController.swift in Sources */ = {isa = PBXBuildFile; fileRef = C962BF5724BCA6E6001E2D41 /* ViewController.swift */; };
		C962BF5B24BCA6E6001E2D41 /* Main.storyboard in Resources */ = {isa = PBXBuildFile; fileRef = C962BF5924BCA6E6001E2D41 /* Main.storyboard */; };
		C962BF5D24BCA6E7001E2D41 /* Assets.xcassets in Resources */ = {isa = PBXBuildFile; fileRef = C962BF5C24BCA6E7001E2D41 /* Assets.xcassets */; };
		C962BF6024BCA6E7001E2D41 /* LaunchScreen.storyboard in Resources */ = {isa = PBXBuildFile; fileRef = C962BF5E24BCA6E7001E2D41 /* LaunchScreen.storyboard */; };
		C962BF6B24BCA6E8001E2D41 /* Conversion_CalculatorTests.swift in Sources */ = {isa = PBXBuildFile; fileRef = C962BF6A24BCA6E8001E2D41 /* Conversion_CalculatorTests.swift */; };
		C962BF7624BCA6E8001E2D41 /* Conversion_CalculatorUITests.swift in Sources */ = {isa = PBXBuildFile; fileRef = C962BF7524BCA6E8001E2D41 /* Conversion_CalculatorUITests.swift */; };
/* End PBXBuildFile section */

/* Begin PBXContainerItemProxy section */
		C962BF6724BCA6E8001E2D41 /* PBXContainerItemProxy */ = {
			isa = PBXContainerItemProxy;
			containerPortal = C962BF4824BCA6E6001E2D41 /* Project object */;
			proxyType = 1;
			remoteGlobalIDString = C962BF4F24BCA6E6001E2D41;
			remoteInfo = "Conversion Calculator";
		};
		C962BF7224BCA6E8001E2D41 /* PBXContainerItemProxy */ = {
			isa = PBXContainerItemProxy;
			containerPortal = C962BF4824BCA6E6001E2D41 /* Project object */;
			proxyType = 1;
			remoteGlobalIDString = C962BF4F24BCA6E6001E2D41;
			remoteInfo = "Conversion Calculator";
		};
/* End PBXContainerItemProxy section */

/* Begin PBXFileReference section */
		C962BF5024BCA6E6001E2D41 /* Conversion Calculator.app */ = {isa = PBXFileReference; explicitFileType = wrapper.application; includeInIndex = 0; path = "Conversion Calculator.app"; sourceTree = BUILT_PRODUCTS_DIR; };
		C962BF5324BCA6E6001E2D41 /* AppDelegate.swift */ = {isa = PBXFileReference; lastKnownFileType = sourcecode.swift; path = AppDelegate.swift; sourceTree = "<group>"; };
		C962BF5524BCA6E6001E2D41 /* SceneDelegate.swift */ = {isa = PBXFileReference; lastKnownFileType = sourcecode.swift; path = SceneDelegate.swift; sourceTree = "<group>"; };
		C962BF5724BCA6E6001E2D41 /* ViewController.swift */ = {isa = PBXFileReference; lastKnownFileType = sourcecode.swift; path = ViewController.swift; sourceTree = "<group>"; };
		C962BF5A24BCA6E6001E2D41 /* Base */ = {isa = PBXFileReference; lastKnownFileType = file.storyboard; name = Base; path = Base.lproj/Main.storyboard; sourceTree = "<group>"; };
		C962BF5C24BCA6E7001E2D41 /* Assets.xcassets */ = {isa = PBXFileReference; lastKnownFileType = folder.assetcatalog; path = Assets.xcassets; sourceTree = "<group>"; };
		C962BF5F24BCA6E7001E2D41 /* Base */ = {isa = PBXFileReference; lastKnownFileType = file.storyboard; name = Base; path = Base.lproj/LaunchScreen.storyboard; sourceTree = "<group>"; };
		C962BF6124BCA6E7001E2D41 /* Info.plist */ = {isa = PBXFileReference; lastKnownFileType = text.plist.xml; path = Info.plist; sourceTree = "<group>"; };
		C962BF6624BCA6E8001E2D41 /* Conversion CalculatorTests.xctest */ = {isa = PBXFileReference; explicitFileType = wrapper.cfbundle; includeInIndex = 0; path = "Conversion CalculatorTests.xctest"; sourceTree = BUILT_PRODUCTS_DIR; };
		C962BF6A24BCA6E8001E2D41 /* Conversion_CalculatorTests.swift */ = {isa = PBXFileReference; lastKnownFileType = sourcecode.swift; path = Conversion_CalculatorTests.swift; sourceTree = "<group>"; };
		C962BF6C24BCA6E8001E2D41 /* Info.plist */ = {isa = PBXFileReference; lastKnownFileType = text.plist.xml; path = Info.plist; sourceTree = "<group>"; };
		C962BF7124BCA6E8001E2D41 /* Conversion CalculatorUITests.xctest */ = {isa = PBXFileReference; explicitFileType = wrapper.cfbundle; includeInIndex = 0; path = "Conversion CalculatorUITests.xctest"; sourceTree = BUILT_PRODUCTS_DIR; };
		C962BF7524BCA6E8001E2D41 /* Conversion_CalculatorUITests.swift */ = {isa = PBXFileReference; lastKnownFileType = sourcecode.swift; path = Conversion_CalculatorUITests.swift; sourceTree = "<group>"; };
		C962BF7724BCA6E8001E2D41 /* Info.plist */ = {isa = PBXFileReference; lastKnownFileType = text.plist.xml; path = Info.plist; sourceTree = "<group>"; };
/* End PBXFileReference section */

/* Begin PBXFrameworksBuildPhase section */
		C962BF4D24BCA6E6001E2D41 /* Frameworks */ = {
			isa = PBXFrameworksBuildPhase;
			buildActionMask = 2147483647;
			files = (
			);
			runOnlyForDeploymentPostprocessing = 0;
		};
		C962BF6324BCA6E8001E2D41 /* Frameworks */ = {
			isa = PBXFrameworksBuildPhase;
			buildActionMask = 2147483647;
			files = (
			);
			runOnlyForDeploymentPostprocessing = 0;
		};
		C962BF6E24BCA6E8001E2D41 /* Frameworks */ = {
			isa = PBXFrameworksBuildPhase;
			buildActionMask = 2147483647;
			files = (
			);
			runOnlyForDeploymentPostprocessing = 0;
		};
/* End PBXFrameworksBuildPhase section */

/* Begin PBXGroup section */
		C962BF4724BCA6E6001E2D41 = {
			isa = PBXGroup;
			children = (
				C962BF5224BCA6E6001E2D41 /* Conversion Calculator */,
				C962BF6924BCA6E8001E2D41 /* Conversion CalculatorTests */,
				C962BF7424BCA6E8001E2D41 /* Conversion CalculatorUITests */,
				C962BF5124BCA6E6001E2D41 /* Products */,
			);
			sourceTree = "<group>";
		};
		C962BF5124BCA6E6001E2D41 /* Products */ = {
			isa = PBXGroup;
			children = (
				C962BF5024BCA6E6001E2D41 /* Conversion Calculator.app */,
				C962BF6624BCA6E8001E2D41 /* Conversion CalculatorTests.xctest */,
				C962BF7124BCA6E8001E2D41 /* Conversion CalculatorUITests.xctest */,
			);
			name = Products;
			sourceTree = "<group>";
		};
		C962BF5224BCA6E6001E2D41 /* Conversion Calculator */ = {
			isa = PBXGroup;
			children = (
				C962BF5324BCA6E6001E2D41 /* AppDelegate.swift */,
				C962BF5524BCA6E6001E2D41 /* SceneDelegate.swift */,
				C962BF5724BCA6E6001E2D41 /* ViewController.swift */,
				C962BF5924BCA6E6001E2D41 /* Main.storyboard */,
				C962BF5C24BCA6E7001E2D41 /* Assets.xcassets */,
				C962BF5E24BCA6E7001E2D41 /* LaunchScreen.storyboard */,
				C962BF6124BCA6E7001E2D41 /* Info.plist */,
			);
			path = "Conversion Calculator";
			sourceTree = "<group>";
		};
		C962BF6924BCA6E8001E2D41 /* Conversion CalculatorTests */ = {
			isa = PBXGroup;
			children = (
				C962BF6A24BCA6E8001E2D41 /* Conversion_CalculatorTests.swift */,
				C962BF6C24BCA6E8001E2D41 /* Info.plist */,
			);
			path = "Conversion CalculatorTests";
			sourceTree = "<group>";
		};
		C962BF7424BCA6E8001E2D41 /* Conversion CalculatorUITests */ = {
			isa = PBXGroup;
			children = (
				C962BF7524BCA6E8001E2D41 /* Conversion_CalculatorUITests.swift */,
				C962BF7724BCA6E8001E2D41 /* Info.plist */,
			);
			path = "Conversion CalculatorUITests";
			sourceTree = "<group>";
		};
/* End PBXGroup section */

/* Begin PBXNativeTarget section */
		C962BF4F24BCA6E6001E2D41 /* Conversion Calculator */ = {
			isa = PBXNativeTarget;
			buildConfigurationList = C962BF7A24BCA6E8001E2D41 /* Build configuration list for PBXNativeTarget "Conversion Calculator" */;
			buildPhases = (
				C962BF4C24BCA6E6001E2D41 /* Sources */,
				C962BF4D24BCA6E6001E2D41 /* Frameworks */,
				C962BF4E24BCA6E6001E2D41 /* Resources */,
			);
			buildRules = (
			);
			dependencies = (
			);
			name = "Conversion Calculator";
			productName = "Conversion Calculator";
			productReference = C962BF5024BCA6E6001E2D41 /* Conversion Calculator.app */;
			productType = "com.apple.product-type.application";
		};
		C962BF6524BCA6E8001E2D41 /* Conversion CalculatorTests */ = {
			isa = PBXNativeTarget;
			buildConfigurationList = C962BF7D24BCA6E8001E2D41 /* Build configuration list for PBXNativeTarget "Conversion CalculatorTests" */;
			buildPhases = (
				C962BF6224BCA6E8001E2D41 /* Sources */,
				C962BF6324BCA6E8001E2D41 /* Frameworks */,
				C962BF6424BCA6E8001E2D41 /* Resources */,
			);
			buildRules = (
			);
			dependencies = (
				C962BF6824BCA6E8001E2D41 /* PBXTargetDependency */,
			);
			name = "Conversion CalculatorTests";
			productName = "Conversion CalculatorTests";
			productReference = C962BF6624BCA6E8001E2D41 /* Conversion CalculatorTests.xctest */;
			productType = "com.apple.product-type.bundle.unit-test";
		};
		C962BF7024BCA6E8001E2D41 /* Conversion CalculatorUITests */ = {
			isa = PBXNativeTarget;
			buildConfigurationList = C962BF8024BCA6E8001E2D41 /* Build configuration list for PBXNativeTarget "Conversion CalculatorUITests" */;
			buildPhases = (
				C962BF6D24BCA6E8001E2D41 /* Sources */,
				C962BF6E24BCA6E8001E2D41 /* Frameworks */,
				C962BF6F24BCA6E8001E2D41 /* Resources */,
			);
			buildRules = (
			);
			dependencies = (
				C962BF7324BCA6E8001E2D41 /* PBXTargetDependency */,
			);
			name = "Conversion CalculatorUITests";
			productName = "Conversion CalculatorUITests";
			productReference = C962BF7124BCA6E8001E2D41 /* Conversion CalculatorUITests.xctest */;
			productType = "com.apple.product-type.bundle.ui-testing";
		};
/* End PBXNativeTarget section */

/* Begin PBXProject section */
		C962BF4824BCA6E6001E2D41 /* Project object */ = {
			isa = PBXProject;
			attributes = {
				LastSwiftUpdateCheck = 1150;
				LastUpgradeCheck = 1150;
				ORGANIZATIONNAME = "Payton Marlin";
				TargetAttributes = {
					C962BF4F24BCA6E6001E2D41 = {
						CreatedOnToolsVersion = 11.5;
					};
					C962BF6524BCA6E8001E2D41 = {
						CreatedOnToolsVersion = 11.5;
						TestTargetID = C962BF4F24BCA6E6001E2D41;
					};
					C962BF7024BCA6E8001E2D41 = {
						CreatedOnToolsVersion = 11.5;
						TestTargetID = C962BF4F24BCA6E6001E2D41;
					};
				};
			};
			buildConfigurationList = C962BF4B24BCA6E6001E2D41 /* Build configuration list for PBXProject "Conversion Calculator" */;
			compatibilityVersion = "Xcode 9.3";
			developmentRegion = en;
			hasScannedForEncodings = 0;
			knownRegions = (
				en,
				Base,
			);
			mainGroup = C962BF4724BCA6E6001E2D41;
			productRefGroup = C962BF5124BCA6E6001E2D41 /* Products */;
			projectDirPath = "";
			projectRoot = "";
			targets = (
				C962BF4F24BCA6E6001E2D41 /* Conversion Calculator */,
				C962BF6524BCA6E8001E2D41 /* Conversion CalculatorTests */,
				C962BF7024BCA6E8001E2D41 /* Conversion CalculatorUITests */,
			);
		};
/* End PBXProject section */

/* Begin PBXResourcesBuildPhase section */
		C962BF4E24BCA6E6001E2D41 /* Resources */ = {
			isa = PBXResourcesBuildPhase;
			buildActionMask = 2147483647;
			files = (
				C962BF6024BCA6E7001E2D41 /* LaunchScreen.storyboard in Resources */,
				C962BF5D24BCA6E7001E2D41 /* Assets.xcassets in Resources */,
				C962BF5B24BCA6E6001E2D41 /* Main.storyboard in Resources */,
			);
			runOnlyForDeploymentPostprocessing = 0;
		};
		C962BF6424BCA6E8001E2D41 /* Resources */ = {
			isa = PBXResourcesBuildPhase;
			buildActionMask = 2147483647;
			files = (
			);
			runOnlyForDeploymentPostprocessing = 0;
		};
		C962BF6F24BCA6E8001E2D41 /* Resources */ = {
			isa = PBXResourcesBuildPhase;
			buildActionMask = 2147483647;
			files = (
			);
			runOnlyForDeploymentPostprocessing = 0;
		};
/* End PBXResourcesBuildPhase section */

/* Begin PBXSourcesBuildPhase section */
		C962BF4C24BCA6E6001E2D41 /* Sources */ = {
			isa = PBXSourcesBuildPhase;
			buildActionMask = 2147483647;
			files = (
				C962BF5824BCA6E6001E2D41 /* ViewController.swift in Sources */,
				C962BF5424BCA6E6001E2D41 /* AppDelegate.swift in Sources */,
				C962BF5624BCA6E6001E2D41 /* SceneDelegate.swift in Sources */,
			);
			runOnlyForDeploymentPostprocessing = 0;
		};
		C962BF6224BCA6E8001E2D41 /* Sources */ = {
			isa = PBXSourcesBuildPhase;
			buildActionMask = 2147483647;
			files = (
				C962BF6B24BCA6E8001E2D41 /* Conversion_CalculatorTests.swift in Sources */,
			);
			runOnlyForDeploymentPostprocessing = 0;
		};
		C962BF6D24BCA6E8001E2D41 /* Sources */ = {
			isa = PBXSourcesBuildPhase;
			buildActionMask = 2147483647;
			files = (
				C962BF7624BCA6E8001E2D41 /* Conversion_CalculatorUITests.swift in Sources */,
			);
			runOnlyForDeploymentPostprocessing = 0;
		};
/* End PBXSourcesBuildPhase section */

/* Begin PBXTargetDependency section */
		C962BF6824BCA6E8001E2D41 /* PBXTargetDependency */ = {
			isa = PBXTargetDependency;
			target = C962BF4F24BCA6E6001E2D41 /* Conversion Calculator */;
			targetProxy = C962BF6724BCA6E8001E2D41 /* PBXContainerItemProxy */;
		};
		C962BF7324BCA6E8001E2D41 /* PBXTargetDependency */ = {
			isa = PBXTargetDependency;
			target = C962BF4F24BCA6E6001E2D41 /* Conversion Calculator */;
			targetProxy = C962BF7224BCA6E8001E2D41 /* PBXContainerItemProxy */;
		};
/* End PBXTargetDependency section */

/* Begin PBXVariantGroup section */
		C962BF5924BCA6E6001E2D41 /* Main.storyboard */ = {
			isa = PBXVariantGroup;
			children = (
				C962BF5A24BCA6E6001E2D41 /* Base */,
			);
			name = Main.storyboard;
			sourceTree = "<group>";
		};
		C962BF5E24BCA6E7001E2D41 /* LaunchScreen.storyboard */ = {
			isa = PBXVariantGroup;
			children = (
				C962BF5F24BCA6E7001E2D41 /* Base */,
			);
			name = LaunchScreen.storyboard;
			sourceTree = "<group>";
		};
/* End PBXVariantGroup section */

/* Begin XCBuildConfiguration section */
		C962BF7824BCA6E8001E2D41 /* Debug */ = {
			isa = XCBuildConfiguration;
			buildSettings = {
				ALWAYS_SEARCH_USER_PATHS = NO;
				CLANG_ANALYZER_NONNULL = YES;
				CLANG_ANALYZER_NUMBER_OBJECT_CONVERSION = YES_AGGRESSIVE;
				CLANG_CXX_LANGUAGE_STANDARD = "gnu++14";
				CLANG_CXX_LIBRARY = "libc++";
				CLANG_ENABLE_MODULES = YES;
				CLANG_ENABLE_OBJC_ARC = YES;
				CLANG_ENABLE_OBJC_WEAK = YES;
				CLANG_WARN_BLOCK_CAPTURE_AUTORELEASING = YES;
				CLANG_WARN_BOOL_CONVERSION = YES;
				CLANG_WARN_COMMA = YES;
				CLANG_WARN_CONSTANT_CONVERSION = YES;
				CLANG_WARN_DEPRECATED_OBJC_IMPLEMENTATIONS = YES;
				CLANG_WARN_DIRECT_OBJC_ISA_USAGE = YES_ERROR;
				CLANG_WARN_DOCUMENTATION_COMMENTS = YES;
				CLANG_WARN_EMPTY_BODY = YES;
				CLANG_WARN_ENUM_CONVERSION = YES;
				CLANG_WARN_INFINITE_RECURSION = YES;
				CLANG_WARN_INT_CONVERSION = YES;
				CLANG_WARN_NON_LITERAL_NULL_CONVERSION = YES;
				CLANG_WARN_OBJC_IMPLICIT_RETAIN_SELF = YES;
				CLANG_WARN_OBJC_LITERAL_CONVERSION = YES;
				CLANG_WARN_OBJC_ROOT_CLASS = YES_ERROR;
				CLANG_WARN_RANGE_LOOP_ANALYSIS = YES;
				CLANG_WARN_STRICT_PROTOTYPES = YES;
				CLANG_WARN_SUSPICIOUS_MOVE = YES;
				CLANG_WARN_UNGUARDED_AVAILABILITY = YES_AGGRESSIVE;
				CLANG_WARN_UNREACHABLE_CODE = YES;
				CLANG_WARN__DUPLICATE_METHOD_MATCH = YES;
				COPY_PHASE_STRIP = NO;
				DEBUG_INFORMATION_FORMAT = dwarf;
				ENABLE_STRICT_OBJC_MSGSEND = YES;
				ENABLE_TESTABILITY = YES;
				GCC_C_LANGUAGE_STANDARD = gnu11;
				GCC_DYNAMIC_NO_PIC = NO;
				GCC_NO_COMMON_BLOCKS = YES;
				GCC_OPTIMIZATION_LEVEL = 0;
				GCC_PREPROCESSOR_DEFINITIONS = (
					"DEBUG=1",
					"$(inherited)",
				);
				GCC_WARN_64_TO_32_BIT_CONVERSION = YES;
				GCC_WARN_ABOUT_RETURN_TYPE = YES_ERROR;
				GCC_WARN_UNDECLARED_SELECTOR = YES;
				GCC_WARN_UNINITIALIZED_AUTOS = YES_AGGRESSIVE;
				GCC_WARN_UNUSED_FUNCTION = YES;
				GCC_WARN_UNUSED_VARIABLE = YES;
				IPHONEOS_DEPLOYMENT_TARGET = 13.5;
				MTL_ENABLE_DEBUG_INFO = INCLUDE_SOURCE;
				MTL_FAST_MATH = YES;
				ONLY_ACTIVE_ARCH = YES;
				SDKROOT = iphoneos;
				SWIFT_ACTIVE_COMPILATION_CONDITIONS = DEBUG;
				SWIFT_OPTIMIZATION_LEVEL = "-Onone";
			};
			name = Debug;
		};
		C962BF7924BCA6E8001E2D41 /* Release */ = {
			isa = XCBuildConfiguration;
			buildSettings = {
				ALWAYS_SEARCH_USER_PATHS = NO;
				CLANG_ANALYZER_NONNULL = YES;
				CLANG_ANALYZER_NUMBER_OBJECT_CONVERSION = YES_AGGRESSIVE;
				CLANG_CXX_LANGUAGE_STANDARD = "gnu++14";
				CLANG_CXX_LIBRARY = "libc++";
				CLANG_ENABLE_MODULES = YES;
				CLANG_ENABLE_OBJC_ARC = YES;
				CLANG_ENABLE_OBJC_WEAK = YES;
				CLANG_WARN_BLOCK_CAPTURE_AUTORELEASING = YES;
				CLANG_WARN_BOOL_CONVERSION = YES;
				CLANG_WARN_COMMA = YES;
				CLANG_WARN_CONSTANT_CONVERSION = YES;
				CLANG_WARN_DEPRECATED_OBJC_IMPLEMENTATIONS = YES;
				CLANG_WARN_DIRECT_OBJC_ISA_USAGE = YES_ERROR;
				CLANG_WARN_DOCUMENTATION_COMMENTS = YES;
				CLANG_WARN_EMPTY_BODY = YES;
				CLANG_WARN_ENUM_CONVERSION = YES;
				CLANG_WARN_INFINITE_RECURSION = YES;
				CLANG_WARN_INT_CONVERSION = YES;
				CLANG_WARN_NON_LITERAL_NULL_CONVERSION = YES;
				CLANG_WARN_OBJC_IMPLICIT_RETAIN_SELF = YES;
				CLANG_WARN_OBJC_LITERAL_CONVERSION = YES;
				CLANG_WARN_OBJC_ROOT_CLASS = YES_ERROR;
				CLANG_WARN_RANGE_LOOP_ANALYSIS = YES;
				CLANG_WARN_STRICT_PROTOTYPES = YES;
				CLANG_WARN_SUSPICIOUS_MOVE = YES;
				CLANG_WARN_UNGUARDED_AVAILABILITY = YES_AGGRESSIVE;
				CLANG_WARN_UNREACHABLE_CODE = YES;
				CLANG_WARN__DUPLICATE_METHOD_MATCH = YES;
				COPY_PHASE_STRIP = NO;
				DEBUG_INFORMATION_FORMAT = "dwarf-with-dsym";
				ENABLE_NS_ASSERTIONS = NO;
				ENABLE_STRICT_OBJC_MSGSEND = YES;
				GCC_C_LANGUAGE_STANDARD = gnu11;
				GCC_NO_COMMON_BLOCKS = YES;
				GCC_WARN_64_TO_32_BIT_CONVERSION = YES;
				GCC_WARN_ABOUT_RETURN_TYPE = YES_ERROR;
				GCC_WARN_UNDECLARED_SELECTOR = YES;
				GCC_WARN_UNINITIALIZED_AUTOS = YES_AGGRESSIVE;
				GCC_WARN_UNUSED_FUNCTION = YES;
				GCC_WARN_UNUSED_VARIABLE = YES;
				IPHONEOS_DEPLOYMENT_TARGET = 13.5;
				MTL_ENABLE_DEBUG_INFO = NO;
				MTL_FAST_MATH = YES;
				SDKROOT = iphoneos;
				SWIFT_COMPILATION_MODE = wholemodule;
				SWIFT_OPTIMIZATION_LEVEL = "-O";
				VALIDATE_PRODUCT = YES;
			};
			name = Release;
		};
		C962BF7B24BCA6E8001E2D41 /* Debug */ = {
			isa = XCBuildConfiguration;
			buildSettings = {
				ASSETCATALOG_COMPILER_APPICON_NAME = AppIcon;
				CODE_SIGN_STYLE = Automatic;
				INFOPLIST_FILE = "Conversion Calculator/Info.plist";
				LD_RUNPATH_SEARCH_PATHS = (
					"$(inherited)",
					"@executable_path/Frameworks",
				);
				PRODUCT_BUNDLE_IDENTIFIER = "edu.missouri.Conversion-Calculator";
				PRODUCT_NAME = "$(TARGET_NAME)";
				SWIFT_VERSION = 5.0;
				TARGETED_DEVICE_FAMILY = "1,2";
			};
			name = Debug;
		};
		C962BF7C24BCA6E8001E2D41 /* Release */ = {
			isa = XCBuildConfiguration;
			buildSettings = {
				ASSETCATALOG_COMPILER_APPICON_NAME = AppIcon;
				CODE_SIGN_STYLE = Automatic;
				INFOPLIST_FILE = "Conversion Calculator/Info.plist";
				LD_RUNPATH_SEARCH_PATHS = (
					"$(inherited)",
					"@executable_path/Frameworks",
				);
				PRODUCT_BUNDLE_IDENTIFIER = "edu.missouri.Conversion-Calculator";
				PRODUCT_NAME = "$(TARGET_NAME)";
				SWIFT_VERSION = 5.0;
				TARGETED_DEVICE_FAMILY = "1,2";
			};
			name = Release;
		};
		C962BF7E24BCA6E8001E2D41 /* Debug */ = {
			isa = XCBuildConfiguration;
			buildSettings = {
				ALWAYS_EMBED_SWIFT_STANDARD_LIBRARIES = YES;
				BUNDLE_LOADER = "$(TEST_HOST)";
				CODE_SIGN_STYLE = Automatic;
				INFOPLIST_FILE = "Conversion CalculatorTests/Info.plist";
				IPHONEOS_DEPLOYMENT_TARGET = 13.5;
				LD_RUNPATH_SEARCH_PATHS = (
					"$(inherited)",
					"@executable_path/Frameworks",
					"@loader_path/Frameworks",
				);
				PRODUCT_BUNDLE_IDENTIFIER = "edu.missouri.Conversion-CalculatorTests";
				PRODUCT_NAME = "$(TARGET_NAME)";
				SWIFT_VERSION = 5.0;
				TARGETED_DEVICE_FAMILY = "1,2";
				TEST_HOST = "$(BUILT_PRODUCTS_DIR)/Conversion Calculator.app/Conversion Calculator";
			};
			name = Debug;
		};
		C962BF7F24BCA6E8001E2D41 /* Release */ = {
			isa = XCBuildConfiguration;
			buildSettings = {
				ALWAYS_EMBED_SWIFT_STANDARD_LIBRARIES = YES;
				BUNDLE_LOADER = "$(TEST_HOST)";
				CODE_SIGN_STYLE = Automatic;
				INFOPLIST_FILE = "Conversion CalculatorTests/Info.plist";
				IPHONEOS_DEPLOYMENT_TARGET = 13.5;
				LD_RUNPATH_SEARCH_PATHS = (
					"$(inherited)",
					"@executable_path/Frameworks",
					"@loader_path/Frameworks",
				);
				PRODUCT_BUNDLE_IDENTIFIER = "edu.missouri.Conversion-CalculatorTests";
				PRODUCT_NAME = "$(TARGET_NAME)";
				SWIFT_VERSION = 5.0;
				TARGETED_DEVICE_FAMILY = "1,2";
				TEST_HOST = "$(BUILT_PRODUCTS_DIR)/Conversion Calculator.app/Conversion Calculator";
			};
			name = Release;
		};
		C962BF8124BCA6E8001E2D41 /* Debug */ = {
			isa = XCBuildConfiguration;
			buildSettings = {
				ALWAYS_EMBED_SWIFT_STANDARD_LIBRARIES = YES;
				CODE_SIGN_STYLE = Automatic;
				INFOPLIST_FILE = "Conversion CalculatorUITests/Info.plist";
				LD_RUNPATH_SEARCH_PATHS = (
					"$(inherited)",
					"@executable_path/Frameworks",
					"@loader_path/Frameworks",
				);
				PRODUCT_BUNDLE_IDENTIFIER = "edu.missouri.Conversion-CalculatorUITests";
				PRODUCT_NAME = "$(TARGET_NAME)";
				SWIFT_VERSION = 5.0;
				TARGETED_DEVICE_FAMILY = "1,2";
				TEST_TARGET_NAME = "Conversion Calculator";
			};
			name = Debug;
		};
		C962BF8224BCA6E8001E2D41 /* Release */ = {
			isa = XCBuildConfiguration;
			buildSettings = {
				ALWAYS_EMBED_SWIFT_STANDARD_LIBRARIES = YES;
				CODE_SIGN_STYLE = Automatic;
				INFOPLIST_FILE = "Conversion CalculatorUITests/Info.plist";
				LD_RUNPATH_SEARCH_PATHS = (
					"$(inherited)",
					"@executable_path/Frameworks",
					"@loader_path/Frameworks",
				);
				PRODUCT_BUNDLE_IDENTIFIER = "edu.missouri.Conversion-CalculatorUITests";
				PRODUCT_NAME = "$(TARGET_NAME)";
				SWIFT_VERSION = 5.0;
				TARGETED_DEVICE_FAMILY = "1,2";
				TEST_TARGET_NAME = "Conversion Calculator";
			};
			name = Release;
		};
/* End XCBuildConfiguration section */

/* Begin XCConfigurationList section */
		C962BF4B24BCA6E6001E2D41 /* Build configuration list for PBXProject "Conversion Calculator" */ = {
			isa = XCConfigurationList;
			buildConfigurations = (
				C962BF7824BCA6E8001E2D41 /* Debug */,
				C962BF7924BCA6E8001E2D41 /* Release */,
			);
			defaultConfigurationIsVisible = 0;
			defaultConfigurationName = Release;
		};
		C962BF7A24BCA6E8001E2D41 /* Build configuration list for PBXNativeTarget "Conversion Calculator" */ = {
			isa = XCConfigurationList;
			buildConfigurations = (
				C962BF7B24BCA6E8001E2D41 /* Debug */,
				C962BF7C24BCA6E8001E2D41 /* Release */,
			);
			defaultConfigurationIsVisible = 0;
			defaultConfigurationName = Release;
		};
		C962BF7D24BCA6E8001E2D41 /* Build configuration list for PBXNativeTarget "Conversion CalculatorTests" */ = {
			isa = XCConfigurationList;
			buildConfigurations = (
				C962BF7E24BCA6E8001E2D41 /* Debug */,
				C962BF7F24BCA6E8001E2D41 /* Release */,
			);
			defaultConfigurationIsVisible = 0;
			defaultConfigurationName = Release;
		};
		C962BF8024BCA6E8001E2D41 /* Build configuration list for PBXNativeTarget "Conversion CalculatorUITests" */ = {
			isa = XCConfigurationList;
			buildConfigurations = (
				C962BF8124BCA6E8001E2D41 /* Debug */,
				C962BF8224BCA6E8001E2D41 /* Release */,
			);
			defaultConfigurationIsVisible = 0;
			defaultConfigurationName = Release;
		};
/* End XCConfigurationList section */
	};
	rootObject = C962BF4824BCA6E6001E2D41 /* Project object */;
}
